
Microsoft Visual Studio Solution File, Format Version 12.00
# Visual Studio Version 17
VisualStudioVersion = 17.9.34310.174
MinimumVisualStudioVersion = 10.0.40219.1
Project("{9A19103F-16F7-4668-BE54-9A1E7A4F7556}") = "BlazorBlog", "BlazorBlog\BlazorBlog.csproj", "{7D6D3DF4-2112-46B0-9BE7-0BDB057DF4F3}"
EndProject
Project("{9A19103F-16F7-4668-BE54-9A1E7A4F7556}") = "BlazorBlog.Data", "BlazorBlog.Data\BlazorBlog.Data.csproj", "{B4202FEA-74FD-43F8-B008-F878ACA59B43}"
EndProject
Project("{9A19103F-16F7-4668-BE54-9A1E7A4F7556}") = "BlazorBlog.Services", "BlazorBlog.Services\BlazorBlog.Services.csproj", "{E69F7045-41EB-4D08-8F14-9D9E0C802996}"
EndProject
Project("{9A19103F-16F7-4668-BE54-9A1E7A4F7556}") = "BlazorBlog.Repository", "BlazorBlog.Repository\BlazorBlog.Repository.csproj", "{660C0B33-A8C2-4C75-A72E-B796199BE7E6}"
EndProject
Global
	GlobalSection(SolutionConfigurationPlatforms) = preSolution
		Debug|Any CPU = Debug|Any CPU
		Release|Any CPU = Release|Any CPU
	EndGlobalSection
	GlobalSection(ProjectConfigurationPlatforms) = postSolution
		{7D6D3DF4-2112-46B0-9BE7-0BDB057DF4F3}.Debug|Any CPU.ActiveCfg = Debug|Any CPU
		{7D6D3DF4-2112-46B0-9BE7-0BDB057DF4F3}.Debug|Any CPU.Build.0 = Debug|Any CPU
		{7D6D3DF4-2112-46B0-9BE7-0BDB057DF4F3}.Release|Any CPU.ActiveCfg = Release|Any CPU
		{7D6D3DF4-2112-46B0-9BE7-0BDB057DF4F3}.Release|Any CPU.Build.0 = Release|Any CPU
		{B4202FEA-74FD-43F8-B008-F878ACA59B43}.Debug|Any CPU.ActiveCfg = Debug|Any CPU
		{B4202FEA-74FD-43F8-B008-F878ACA59B43}.Debug|Any CPU.Build.0 = Debug|Any CPU
		{B4202FEA-74FD-43F8-B008-F878ACA59B43}.Release|Any CPU.ActiveCfg = Release|Any CPU
		{B4202FEA-74FD-43F8-B008-F878ACA59B43}.Release|Any CPU.Build.0 = Release|Any CPU
		{E69F7045-41EB-4D08-8F14-9D9E0C802996}.Debug|Any CPU.ActiveCfg = Debug|Any CPU
		{E69F7045-41EB-4D08-8F14-9D9E0C802996}.Debug|Any CPU.Build.0 = Debug|Any CPU
		{E69F7045-41EB-4D08-8F14-9D9E0C802996}.Release|Any CPU.ActiveCfg = Release|Any CPU
		{E69F7045-41EB-4D08-8F14-9D9E0C802996}.Release|Any CPU.Build.0 = Release|Any CPU
		{660C0B33-A8C2-4C75-A72E-B796199BE7E6}.Debug|Any CPU.ActiveCfg = Debug|Any CPU
		{660C0B33-A8C2-4C75-A72E-B796199BE7E6}.Debug|Any CPU.Build.0 = Debug|Any CPU
		{660C0B33-A8C2-4C75-A72E-B796199BE7E6}.Release|Any CPU.ActiveCfg = Release|Any CPU
		{660C0B33-A8C2-4C75-A72E-B796199BE7E6}.Release|Any CPU.Build.0 = Release|Any CPU
	EndGlobalSection
	GlobalSection(SolutionProperties) = preSolution
		HideSolutionNode = FALSE
	EndGlobalSection
	GlobalSection(ExtensibilityGlobals) = postSolution
		SolutionGuid = {3F99CF2A-7AC2-468C-9127-77F3E1639FDE}
	EndGlobalSection
EndGlobal
