
Microsoft Visual Studio Solution File, Format Version 12.00
# Visual Studio Version 17
VisualStudioVersion = 17.9.34310.174
MinimumVisualStudioVersion = 10.0.40219.1
Project("{9A19103F-16F7-4668-BE54-9A1E7A4F7556}") = "BlazorBlog", "BlazorBlog\BlazorBlog.csproj", "{7D6D3DF4-2112-46B0-9BE7-0BDB057DF4F3}"
EndProject
Project("{FAE04EC0-301F-11D3-BF4B-00C04F79EFBC}") = "BlazorBlog.Application", "BlazorBlog.Application\BlazorBlog.Application.csproj", "{C4D6DB7D-AD93-4A64-803F-95294A7D5813}"
EndProject
Project("{FAE04EC0-301F-11D3-BF4B-00C04F79EFBC}") = "BlazorBlog.Domain", "BlazorBlog.Domain\BlazorBlog.Domain.csproj", "{A05BA0A5-5494-4BCA-858A-B9CE6936478D}"
EndProject
Project("{FAE04EC0-301F-11D3-BF4B-00C04F79EFBC}") = "BlazorBlog.Infrastructure", "BlazorBlog.Infrastructure\BlazorBlog.Infrastructure.csproj", "{B2B04383-4B5E-2D5A-3CB7-06621FF57AC6}"
EndProject
Project("{FAE04EC0-301F-11D3-BF4B-00C04F79EFBC}") = "BlazorBlog.Tests", "BlazorBlog.Tests\BlazorBlog.Tests.csproj", "{B1C3D7E1-0000-0000-0000-000000000000}"
EndProject
Global
	GlobalSection(SolutionConfigurationPlatforms) = preSolution
		Debug|Any CPU = Debug|Any CPU
		Debug|x64 = Debug|x64
		Debug|x86 = Debug|x86
		Release|Any CPU = Release|Any CPU
		Release|x64 = Release|x64
		Release|x86 = Release|x86
	EndGlobalSection
	GlobalSection(ProjectConfigurationPlatforms) = postSolution
		{7D6D3DF4-2112-46B0-9BE7-0BDB057DF4F3}.Debug|Any CPU.ActiveCfg = Debug|Any CPU
		{7D6D3DF4-2112-46B0-9BE7-0BDB057DF4F3}.Debug|Any CPU.Build.0 = Debug|Any CPU
		{7D6D3DF4-2112-46B0-9BE7-0BDB057DF4F3}.Debug|x64.ActiveCfg = Debug|Any CPU
		{7D6D3DF4-2112-46B0-9BE7-0BDB057DF4F3}.Debug|x64.Build.0 = Debug|Any CPU
		{7D6D3DF4-2112-46B0-9BE7-0BDB057DF4F3}.Debug|x86.ActiveCfg = Debug|Any CPU
		{7D6D3DF4-2112-46B0-9BE7-0BDB057DF4F3}.Debug|x86.Build.0 = Debug|Any CPU
		{7D6D3DF4-2112-46B0-9BE7-0BDB057DF4F3}.Release|Any CPU.ActiveCfg = Release|Any CPU
		{7D6D3DF4-2112-46B0-9BE7-0BDB057DF4F3}.Release|Any CPU.Build.0 = Release|Any CPU
		{7D6D3DF4-2112-46B0-9BE7-0BDB057DF4F3}.Release|x64.ActiveCfg = Release|Any CPU
		{7D6D3DF4-2112-46B0-9BE7-0BDB057DF4F3}.Release|x64.Build.0 = Release|Any CPU
		{7D6D3DF4-2112-46B0-9BE7-0BDB057DF4F3}.Release|x86.ActiveCfg = Release|Any CPU
		{7D6D3DF4-2112-46B0-9BE7-0BDB057DF4F3}.Release|x86.Build.0 = Release|Any CPU
		{C4D6DB7D-AD93-4A64-803F-95294A7D5813}.Debug|Any CPU.ActiveCfg = Debug|Any CPU
		{C4D6DB7D-AD93-4A64-803F-95294A7D5813}.Debug|Any CPU.Build.0 = Debug|Any CPU
		{C4D6DB7D-AD93-4A64-803F-95294A7D5813}.Debug|x64.ActiveCfg = Debug|Any CPU
		{C4D6DB7D-AD93-4A64-803F-95294A7D5813}.Debug|x64.Build.0 = Debug|Any CPU
		{C4D6DB7D-AD93-4A64-803F-95294A7D5813}.Debug|x86.ActiveCfg = Debug|Any CPU
		{C4D6DB7D-AD93-4A64-803F-95294A7D5813}.Debug|x86.Build.0 = Debug|Any CPU
		{C4D6DB7D-AD93-4A64-803F-95294A7D5813}.Release|Any CPU.ActiveCfg = Release|Any CPU
		{C4D6DB7D-AD93-4A64-803F-95294A7D5813}.Release|Any CPU.Build.0 = Release|Any CPU
		{C4D6DB7D-AD93-4A64-803F-95294A7D5813}.Release|x64.ActiveCfg = Release|Any CPU
		{C4D6DB7D-AD93-4A64-803F-95294A7D5813}.Release|x64.Build.0 = Release|Any CPU
		{C4D6DB7D-AD93-4A64-803F-95294A7D5813}.Release|x86.ActiveCfg = Release|Any CPU
		{C4D6DB7D-AD93-4A64-803F-95294A7D5813}.Release|x86.Build.0 = Release|Any CPU
		{A05BA0A5-5494-4BCA-858A-B9CE6936478D}.Debug|Any CPU.ActiveCfg = Debug|Any CPU
		{A05BA0A5-5494-4BCA-858A-B9CE6936478D}.Debug|Any CPU.Build.0 = Debug|Any CPU
		{A05BA0A5-5494-4BCA-858A-B9CE6936478D}.Debug|x64.ActiveCfg = Debug|Any CPU
		{A05BA0A5-5494-4BCA-858A-B9CE6936478D}.Debug|x64.Build.0 = Debug|Any CPU
		{A05BA0A5-5494-4BCA-858A-B9CE6936478D}.Debug|x86.ActiveCfg = Debug|Any CPU
		{A05BA0A5-5494-4BCA-858A-B9CE6936478D}.Debug|x86.Build.0 = Debug|Any CPU
		{A05BA0A5-5494-4BCA-858A-B9CE6936478D}.Release|Any CPU.ActiveCfg = Release|Any CPU
		{A05BA0A5-5494-4BCA-858A-B9CE6936478D}.Release|Any CPU.Build.0 = Release|Any CPU
		{A05BA0A5-5494-4BCA-858A-B9CE6936478D}.Release|x64.ActiveCfg = Release|Any CPU
		{A05BA0A5-5494-4BCA-858A-B9CE6936478D}.Release|x64.Build.0 = Release|Any CPU
		{A05BA0A5-5494-4BCA-858A-B9CE6936478D}.Release|x86.ActiveCfg = Release|Any CPU
		{A05BA0A5-5494-4BCA-858A-B9CE6936478D}.Release|x86.Build.0 = Release|Any CPU
		{B2B04383-4B5E-2D5A-3CB7-06621FF57AC6}.Debug|Any CPU.ActiveCfg = Debug|Any CPU
		{B2B04383-4B5E-2D5A-3CB7-06621FF57AC6}.Debug|Any CPU.Build.0 = Debug|Any CPU
		{B2B04383-4B5E-2D5A-3CB7-06621FF57AC6}.Debug|x64.ActiveCfg = Debug|Any CPU
		{B2B04383-4B5E-2D5A-3CB7-06621FF57AC6}.Debug|x64.Build.0 = Debug|Any CPU
		{B2B04383-4B5E-2D5A-3CB7-06621FF57AC6}.Debug|x86.ActiveCfg = Debug|Any CPU
		{B2B04383-4B5E-2D5A-3CB7-06621FF57AC6}.Debug|x86.Build.0 = Debug|Any CPU
		{B2B04383-4B5E-2D5A-3CB7-06621FF57AC6}.Release|Any CPU.ActiveCfg = Release|Any CPU
		{B2B04383-4B5E-2D5A-3CB7-06621FF57AC6}.Release|Any CPU.Build.0 = Release|Any CPU
		{B2B04383-4B5E-2D5A-3CB7-06621FF57AC6}.Release|x64.ActiveCfg = Release|Any CPU
		{B2B04383-4B5E-2D5A-3CB7-06621FF57AC6}.Release|x64.Build.0 = Release|Any CPU
		{B2B04383-4B5E-2D5A-3CB7-06621FF57AC6}.Release|x86.ActiveCfg = Release|Any CPU
		{B2B04383-4B5E-2D5A-3CB7-06621FF57AC6}.Release|x86.Build.0 = Release|Any CPU
		{B1C3D7E1-0000-0000-0000-000000000000}.Debug|Any CPU.ActiveCfg = Debug|Any CPU
		{B1C3D7E1-0000-0000-0000-000000000000}.Debug|Any CPU.Build.0 = Debug|Any CPU
		{B1C3D7E1-0000-0000-0000-000000000000}.Debug|x64.ActiveCfg = Debug|Any CPU
		{B1C3D7E1-0000-0000-0000-000000000000}.Debug|x64.Build.0 = Debug|Any CPU
		{B1C3D7E1-0000-0000-0000-000000000000}.Debug|x86.ActiveCfg = Debug|Any CPU
		{B1C3D7E1-0000-0000-0000-000000000000}.Debug|x86.Build.0 = Debug|Any CPU
		{B1C3D7E1-0000-0000-0000-000000000000}.Release|Any CPU.ActiveCfg = Release|Any CPU
		{B1C3D7E1-0000-0000-0000-000000000000}.Release|Any CPU.Build.0 = Release|Any CPU
		{B1C3D7E1-0000-0000-0000-000000000000}.Release|x64.ActiveCfg = Release|Any CPU
		{B1C3D7E1-0000-0000-0000-000000000000}.Release|x64.Build.0 = Release|Any CPU
		{B1C3D7E1-0000-0000-0000-000000000000}.Release|x86.ActiveCfg = Release|Any CPU
		{B1C3D7E1-0000-0000-0000-000000000000}.Release|x86.Build.0 = Release|Any CPU
	EndGlobalSection
	GlobalSection(SolutionProperties) = preSolution
		HideSolutionNode = FALSE
	EndGlobalSection
	GlobalSection(ExtensibilityGlobals) = postSolution
		SolutionGuid = {3F99CF2A-7AC2-468C-9127-77F3E1639FDE}
	EndGlobalSection
EndGlobal
